{
  "version": 4,
  "terraform_version": "1.12.2",
  "serial": 3,
  "lineage": "dfdc2ac6-ad69-0fbe-7ac9-5e8ba0e34af5",
  "outputs": {},
  "resources": [
    {
      "mode": "managed",
      "type": "aws_s3_bucket",
      "name": "main",
      "provider": "provider[\"registry.terraform.io/hashicorp/aws\"]",
      "instances": [
        {
          "schema_version": 0,
          "attributes": {
            "acceleration_status": "",
            "acl": null,
            "arn": "arn:aws:s3:::my-unique-bucket-rja-8500",
            "bucket": "my-unique-bucket-rja-8500",
            "bucket_domain_name": "my-unique-bucket-rja-8500.s3.amazonaws.com",
            "bucket_prefix": "",
            "bucket_region": "ap-south-1",
            "bucket_regional_domain_name": "my-unique-bucket-rja-8500.s3.ap-south-1.amazonaws.com",
            "cors_rule": [],
            "force_destroy": false,
            "grant": [
              {
                "id": "6ccb17aa1030eddfcef0bf8c20fd2e60b951e1673c75a6140a3bca685b747e81",
                "permissions": [
                  "FULL_CONTROL"
                ],
                "type": "CanonicalUser",
                "uri": ""
              }
            ],
            "hosted_zone_id": "Z11RGJOFQNVJUP",
            "id": "my-unique-bucket-rja-8500",
            "lifecycle_rule": [],
            "logging": [],
            "object_lock_configuration": [],
            "object_lock_enabled": false,
            "policy": "",
            "region": "ap-south-1",
            "replication_configuration": [],
            "request_payer": "BucketOwner",
            "server_side_encryption_configuration": [
              {
                "rule": [
                  {
                    "apply_server_side_encryption_by_default": [
                      {
                        "kms_master_key_id": "",
                        "sse_algorithm": "AES256"
                      }
                    ],
                    "bucket_key_enabled": false
                  }
                ]
              }
            ],
            "tags": {
              "Environment": "Dev",
              "Name": "My bucket_rja"
            },
            "tags_all": {
              "Environment": "Dev",
              "Name": "My bucket_rja"
            },
            "timeouts": null,
            "versioning": [
              {
                "enabled": false,
                "mfa_delete": false
              }
            ],
            "website": [],
            "website_domain": null,
            "website_endpoint": null
          },
          "sensitive_attributes": [],
          "identity_schema_version": 0,
          "identity": {
            "account_id": "277040998736",
            "bucket": "my-unique-bucket-rja-8500",
            "region": "ap-south-1"
          },
          "private": "eyJlMmJmYjczMC1lY2FhLTExZTYtOGY4OC0zNDM2M2JjN2M0YzAiOnsiY3JlYXRlIjoxMjAwMDAwMDAwMDAwLCJkZWxldGUiOjM2MDAwMDAwMDAwMDAsInJlYWQiOjEyMDAwMDAwMDAwMDAsInVwZGF0ZSI6MTIwMDAwMDAwMDAwMH19"
        }
      ]
    }
  ],
  "check_results": null
}
